
Microsoft Visual Studio Solution File, Format Version 12.00
# Visual Studio Version 17
VisualStudioVersion = 17.10.35122.118
MinimumVisualStudioVersion = 10.0.40219.1
Project("{FAE04EC0-301F-11D3-BF4B-00C04F79EFBC}") = "Almondcove.API", "Almondcove.API\Almondcove.API.csproj", "{BB17FE60-7500-41A9-A5CC-22AEE6615390}"
EndProject
Global
	GlobalSection(SolutionConfigurationPlatforms) = preSolution
		Debug|Any CPU = Debug|Any CPU
		Release|Any CPU = Release|Any CPU
	EndGlobalSection
	GlobalSection(ProjectConfigurationPlatforms) = postSolution
		{BB17FE60-7500-41A9-A5CC-22AEE6615390}.Debug|Any CPU.ActiveCfg = Debug|Any CPU
		{BB17FE60-7500-41A9-A5CC-22AEE6615390}.Debug|Any CPU.Build.0 = Debug|Any CPU
		{BB17FE60-7500-41A9-A5CC-22AEE6615390}.Release|Any CPU.ActiveCfg = Release|Any CPU
		{BB17FE60-7500-41A9-A5CC-22AEE6615390}.Release|Any CPU.Build.0 = Release|Any CPU
	EndGlobalSection
	GlobalSection(SolutionProperties) = preSolution
		HideSolutionNode = FALSE
	EndGlobalSection
	GlobalSection(ExtensibilityGlobals) = postSolution
		SolutionGuid = {4A534E54-43A0-4F53-90F9-3FFE3968EA9E}
	EndGlobalSection
EndGlobal
